
Microsoft Visual Studio Solution File, Format Version 12.00
# Visual Studio Version 16
VisualStudioVersion = 25.0.1704.2
MinimumVisualStudioVersion = 10.0.40219.1
Project("{FAE04EC0-301F-11D3-BF4B-00C04F79EFBC}") = "dotnet-basic-ecommerce", "dotnet-basic-ecommerce\dotnet-basic-ecommerce.csproj", "{C3C14B54-731A-43EB-8431-0B6B5B12A9B7}"
EndProject
Global
	GlobalSection(SolutionConfigurationPlatforms) = preSolution
		Debug|Any CPU = Debug|Any CPU
		Release|Any CPU = Release|Any CPU
	EndGlobalSection
	GlobalSection(ProjectConfigurationPlatforms) = postSolution
		{C3C14B54-731A-43EB-8431-0B6B5B12A9B7}.Debug|Any CPU.ActiveCfg = Debug|Any CPU
		{C3C14B54-731A-43EB-8431-0B6B5B12A9B7}.Debug|Any CPU.Build.0 = Debug|Any CPU
		{C3C14B54-731A-43EB-8431-0B6B5B12A9B7}.Release|Any CPU.ActiveCfg = Release|Any CPU
		{C3C14B54-731A-43EB-8431-0B6B5B12A9B7}.Release|Any CPU.Build.0 = Release|Any CPU
	EndGlobalSection
	GlobalSection(SolutionProperties) = preSolution
		HideSolutionNode = FALSE
	EndGlobalSection
	GlobalSection(ExtensibilityGlobals) = postSolution
		SolutionGuid = {19F0E273-4E90-4809-ABC2-C7E94B85BE48}
	EndGlobalSection
EndGlobal
